// !$*UTF8*$!
{
	archiveVersion = 1;
	classes = {
	};
	objectVersion = 55;
	objects = {

/* Begin PBXBuildFile section */
		AC3C339F27C5E62900D6E8B6 /* AppDelegate.swift in Sources */ = {isa = PBXBuildFile; fileRef = AC3C339E27C5E62900D6E8B6 /* AppDelegate.swift */; };
		AC3C33A127C5E62900D6E8B6 /* SceneDelegate.swift in Sources */ = {isa = PBXBuildFile; fileRef = AC3C33A027C5E62900D6E8B6 /* SceneDelegate.swift */; };
		AC3C33A327C5E62900D6E8B6 /* ViewController.swift in Sources */ = {isa = PBXBuildFile; fileRef = AC3C33A227C5E62900D6E8B6 /* ViewController.swift */; };
		AC3C33A627C5E62900D6E8B6 /* Main.storyboard in Resources */ = {isa = PBXBuildFile; fileRef = AC3C33A427C5E62900D6E8B6 /* Main.storyboard */; };
		AC3C33A827C5E62D00D6E8B6 /* Assets.xcassets in Resources */ = {isa = PBXBuildFile; fileRef = AC3C33A727C5E62D00D6E8B6 /* Assets.xcassets */; };
		AC3C33AB27C5E62D00D6E8B6 /* LaunchScreen.storyboard in Resources */ = {isa = PBXBuildFile; fileRef = AC3C33A927C5E62D00D6E8B6 /* LaunchScreen.storyboard */; };
		AC3C33B327C5E96E00D6E8B6 /* GetNameViewController.swift in Sources */ = {isa = PBXBuildFile; fileRef = AC3C33B227C5E96E00D6E8B6 /* GetNameViewController.swift */; };
/* End PBXBuildFile section */

/* Begin PBXFileReference section */
		AC3C339B27C5E62900D6E8B6 /* ProtocolAndDelegate.app */ = {isa = PBXFileReference; explicitFileType = wrapper.application; includeInIndex = 0; path = ProtocolAndDelegate.app; sourceTree = BUILT_PRODUCTS_DIR; };
		AC3C339E27C5E62900D6E8B6 /* AppDelegate.swift */ = {isa = PBXFileReference; lastKnownFileType = sourcecode.swift; path = AppDelegate.swift; sourceTree = "<group>"; };
		AC3C33A027C5E62900D6E8B6 /* SceneDelegate.swift */ = {isa = PBXFileReference; lastKnownFileType = sourcecode.swift; path = SceneDelegate.swift; sourceTree = "<group>"; };
		AC3C33A227C5E62900D6E8B6 /* ViewController.swift */ = {isa = PBXFileReference; lastKnownFileType = sourcecode.swift; path = ViewController.swift; sourceTree = "<group>"; };
		AC3C33A527C5E62900D6E8B6 /* Base */ = {isa = PBXFileReference; lastKnownFileType = file.storyboard; name = Base; path = Base.lproj/Main.storyboard; sourceTree = "<group>"; };
		AC3C33A727C5E62D00D6E8B6 /* Assets.xcassets */ = {isa = PBXFileReference; lastKnownFileType = folder.assetcatalog; path = Assets.xcassets; sourceTree = "<group>"; };
		AC3C33AA27C5E62D00D6E8B6 /* Base */ = {isa = PBXFileReference; lastKnownFileType = file.storyboard; name = Base; path = Base.lproj/LaunchScreen.storyboard; sourceTree = "<group>"; };
		AC3C33AC27C5E62D00D6E8B6 /* Info.plist */ = {isa = PBXFileReference; lastKnownFileType = text.plist.xml; path = Info.plist; sourceTree = "<group>"; };
		AC3C33B227C5E96E00D6E8B6 /* GetNameViewController.swift */ = {isa = PBXFileReference; lastKnownFileType = sourcecode.swift; path = GetNameViewController.swift; sourceTree = "<group>"; };
/* End PBXFileReference section */

/* Begin PBXFrameworksBuildPhase section */
		AC3C339827C5E62900D6E8B6 /* Frameworks */ = {
			isa = PBXFrameworksBuildPhase;
			buildActionMask = 2147483647;
			files = (
			);
			runOnlyForDeploymentPostprocessing = 0;
		};
/* End PBXFrameworksBuildPhase section */

/* Begin PBXGroup section */
		AC3C339227C5E62900D6E8B6 = {
			isa = PBXGroup;
			children = (
				AC3C339D27C5E62900D6E8B6 /* ProtocolAndDelegate */,
				AC3C339C27C5E62900D6E8B6 /* Products */,
			);
			sourceTree = "<group>";
		};
		AC3C339C27C5E62900D6E8B6 /* Products */ = {
			isa = PBXGroup;
			children = (
				AC3C339B27C5E62900D6E8B6 /* ProtocolAndDelegate.app */,
			);
			name = Products;
			sourceTree = "<group>";
		};
		AC3C339D27C5E62900D6E8B6 /* ProtocolAndDelegate */ = {
			isa = PBXGroup;
			children = (
				AC3C339E27C5E62900D6E8B6 /* AppDelegate.swift */,
				AC3C33A027C5E62900D6E8B6 /* SceneDelegate.swift */,
				AC3C33A227C5E62900D6E8B6 /* ViewController.swift */,
				AC3C33A427C5E62900D6E8B6 /* Main.storyboard */,
				AC3C33A727C5E62D00D6E8B6 /* Assets.xcassets */,
				AC3C33A927C5E62D00D6E8B6 /* LaunchScreen.storyboard */,
				AC3C33AC27C5E62D00D6E8B6 /* Info.plist */,
				AC3C33B227C5E96E00D6E8B6 /* GetNameViewController.swift */,
			);
			path = ProtocolAndDelegate;
			sourceTree = "<group>";
		};
/* End PBXGroup section */

/* Begin PBXNativeTarget section */
		AC3C339A27C5E62900D6E8B6 /* ProtocolAndDelegate */ = {
			isa = PBXNativeTarget;
			buildConfigurationList = AC3C33AF27C5E62D00D6E8B6 /* Build configuration list for PBXNativeTarget "ProtocolAndDelegate" */;
			buildPhases = (
				AC3C339727C5E62900D6E8B6 /* Sources */,
				AC3C339827C5E62900D6E8B6 /* Frameworks */,
				AC3C339927C5E62900D6E8B6 /* Resources */,
			);
			buildRules = (
			);
			dependencies = (
			);
			name = ProtocolAndDelegate;
			productName = ProtocolAndDelegate;
			productReference = AC3C339B27C5E62900D6E8B6 /* ProtocolAndDelegate.app */;
			productType = "com.apple.product-type.application";
		};
/* End PBXNativeTarget section */

/* Begin PBXProject section */
		AC3C339327C5E62900D6E8B6 /* Project object */ = {
			isa = PBXProject;
			attributes = {
				BuildIndependentTargetsInParallel = 1;
				LastSwiftUpdateCheck = 1320;
				LastUpgradeCheck = 1320;
				TargetAttributes = {
					AC3C339A27C5E62900D6E8B6 = {
						CreatedOnToolsVersion = 13.2.1;
					};
				};
			};
			buildConfigurationList = AC3C339627C5E62900D6E8B6 /* Build configuration list for PBXProject "ProtocolAndDelegate" */;
			compatibilityVersion = "Xcode 13.0";
			developmentRegion = en;
			hasScannedForEncodings = 0;
			knownRegions = (
				en,
				Base,
			);
			mainGroup = AC3C339227C5E62900D6E8B6;
			productRefGroup = AC3C339C27C5E62900D6E8B6 /* Products */;
			projectDirPath = "";
			projectRoot = "";
			targets = (
				AC3C339A27C5E62900D6E8B6 /* ProtocolAndDelegate */,
			);
		};
/* End PBXProject section */

/* Begin PBXResourcesBuildPhase section */
		AC3C339927C5E62900D6E8B6 /* Resources */ = {
			isa = PBXResourcesBuildPhase;
			buildActionMask = 2147483647;
			files = (
				AC3C33AB27C5E62D00D6E8B6 /* LaunchScreen.storyboard in Resources */,
				AC3C33A827C5E62D00D6E8B6 /* Assets.xcassets in Resources */,
				AC3C33A627C5E62900D6E8B6 /* Main.storyboard in Resources */,
			);
			runOnlyForDeploymentPostprocessing = 0;
		};
/* End PBXResourcesBuildPhase section */

/* Begin PBXSourcesBuildPhase section */
		AC3C339727C5E62900D6E8B6 /* Sources */ = {
			isa = PBXSourcesBuildPhase;
			buildActionMask = 2147483647;
			files = (
				AC3C33A327C5E62900D6E8B6 /* ViewController.swift in Sources */,
				AC3C339F27C5E62900D6E8B6 /* AppDelegate.swift in Sources */,
				AC3C33B327C5E96E00D6E8B6 /* GetNameViewController.swift in Sources */,
				AC3C33A127C5E62900D6E8B6 /* SceneDelegate.swift in Sources */,
			);
			runOnlyForDeploymentPostprocessing = 0;
		};
/* End PBXSourcesBuildPhase section */

/* Begin PBXVariantGroup section */
		AC3C33A427C5E62900D6E8B6 /* Main.storyboard */ = {
			isa = PBXVariantGroup;
			children = (
				AC3C33A527C5E62900D6E8B6 /* Base */,
			);
			name = Main.storyboard;
			sourceTree = "<group>";
		};
		AC3C33A927C5E62D00D6E8B6 /* LaunchScreen.storyboard */ = {
			isa = PBXVariantGroup;
			children = (
				AC3C33AA27C5E62D00D6E8B6 /* Base */,
			);
			name = LaunchScreen.storyboard;
			sourceTree = "<group>";
		};
/* End PBXVariantGroup section */

/* Begin XCBuildConfiguration section */
		AC3C33AD27C5E62D00D6E8B6 /* Debug */ = {
			isa = XCBuildConfiguration;
			buildSettings = {
				ALWAYS_SEARCH_USER_PATHS = NO;
				CLANG_ANALYZER_NONNULL = YES;
				CLANG_ANALYZER_NUMBER_OBJECT_CONVERSION = YES_AGGRESSIVE;
				CLANG_CXX_LANGUAGE_STANDARD = "gnu++17";
				CLANG_CXX_LIBRARY = "libc++";
				CLANG_ENABLE_MODULES = YES;
				CLANG_ENABLE_OBJC_ARC = YES;
				CLANG_ENABLE_OBJC_WEAK = YES;
				CLANG_WARN_BLOCK_CAPTURE_AUTORELEASING = YES;
				CLANG_WARN_BOOL_CONVERSION = YES;
				CLANG_WARN_COMMA = YES;
				CLANG_WARN_CONSTANT_CONVERSION = YES;
				CLANG_WARN_DEPRECATED_OBJC_IMPLEMENTATIONS = YES;
				CLANG_WARN_DIRECT_OBJC_ISA_USAGE = YES_ERROR;
				CLANG_WARN_DOCUMENTATION_COMMENTS = YES;
				CLANG_WARN_EMPTY_BODY = YES;
				CLANG_WARN_ENUM_CONVERSION = YES;
				CLANG_WARN_INFINITE_RECURSION = YES;
				CLANG_WARN_INT_CONVERSION = YES;
				CLANG_WARN_NON_LITERAL_NULL_CONVERSION = YES;
				CLANG_WARN_OBJC_IMPLICIT_RETAIN_SELF = YES;
				CLANG_WARN_OBJC_LITERAL_CONVERSION = YES;
				CLANG_WARN_OBJC_ROOT_CLASS = YES_ERROR;
				CLANG_WARN_QUOTED_INCLUDE_IN_FRAMEWORK_HEADER = YES;
				CLANG_WARN_RANGE_LOOP_ANALYSIS = YES;
				CLANG_WARN_STRICT_PROTOTYPES = YES;
				CLANG_WARN_SUSPICIOUS_MOVE = YES;
				CLANG_WARN_UNGUARDED_AVAILABILITY = YES_AGGRESSIVE;
				CLANG_WARN_UNREACHABLE_CODE = YES;
				CLANG_WARN__DUPLICATE_METHOD_MATCH = YES;
				COPY_PHASE_STRIP = NO;
				DEBUG_INFORMATION_FORMAT = dwarf;
				ENABLE_STRICT_OBJC_MSGSEND = YES;
				ENABLE_TESTABILITY = YES;
				GCC_C_LANGUAGE_STANDARD = gnu11;
				GCC_DYNAMIC_NO_PIC = NO;
				GCC_NO_COMMON_BLOCKS = YES;
				GCC_OPTIMIZATION_LEVEL = 0;
				GCC_PREPROCESSOR_DEFINITIONS = (
					"DEBUG=1",
					"$(inherited)",
				);
				GCC_WARN_64_TO_32_BIT_CONVERSION = YES;
				GCC_WARN_ABOUT_RETURN_TYPE = YES_ERROR;
				GCC_WARN_UNDECLARED_SELECTOR = YES;
				GCC_WARN_UNINITIALIZED_AUTOS = YES_AGGRESSIVE;
				GCC_WARN_UNUSED_FUNCTION = YES;
				GCC_WARN_UNUSED_VARIABLE = YES;
				IPHONEOS_DEPLOYMENT_TARGET = 15.2;
				MTL_ENABLE_DEBUG_INFO = INCLUDE_SOURCE;
				MTL_FAST_MATH = YES;
				ONLY_ACTIVE_ARCH = YES;
				SDKROOT = iphoneos;
				SWIFT_ACTIVE_COMPILATION_CONDITIONS = DEBUG;
				SWIFT_OPTIMIZATION_LEVEL = "-Onone";
			};
			name = Debug;
		};
		AC3C33AE27C5E62D00D6E8B6 /* Release */ = {
			isa = XCBuildConfiguration;
			buildSettings = {
				ALWAYS_SEARCH_USER_PATHS = NO;
				CLANG_ANALYZER_NONNULL = YES;
				CLANG_ANALYZER_NUMBER_OBJECT_CONVERSION = YES_AGGRESSIVE;
				CLANG_CXX_LANGUAGE_STANDARD = "gnu++17";
				CLANG_CXX_LIBRARY = "libc++";
				CLANG_ENABLE_MODULES = YES;
				CLANG_ENABLE_OBJC_ARC = YES;
				CLANG_ENABLE_OBJC_WEAK = YES;
				CLANG_WARN_BLOCK_CAPTURE_AUTORELEASING = YES;
				CLANG_WARN_BOOL_CONVERSION = YES;
				CLANG_WARN_COMMA = YES;
				CLANG_WARN_CONSTANT_CONVERSION = YES;
				CLANG_WARN_DEPRECATED_OBJC_IMPLEMENTATIONS = YES;
				CLANG_WARN_DIRECT_OBJC_ISA_USAGE = YES_ERROR;
				CLANG_WARN_DOCUMENTATION_COMMENTS = YES;
				CLANG_WARN_EMPTY_BODY = YES;
				CLANG_WARN_ENUM_CONVERSION = YES;
				CLANG_WARN_INFINITE_RECURSION = YES;
				CLANG_WARN_INT_CONVERSION = YES;
				CLANG_WARN_NON_LITERAL_NULL_CONVERSION = YES;
				CLANG_WARN_OBJC_IMPLICIT_RETAIN_SELF = YES;
				CLANG_WARN_OBJC_LITERAL_CONVERSION = YES;
				CLANG_WARN_OBJC_ROOT_CLASS = YES_ERROR;
				CLANG_WARN_QUOTED_INCLUDE_IN_FRAMEWORK_HEADER = YES;
				CLANG_WARN_RANGE_LOOP_ANALYSIS = YES;
				CLANG_WARN_STRICT_PROTOTYPES = YES;
				CLANG_WARN_SUSPICIOUS_MOVE = YES;
				CLANG_WARN_UNGUARDED_AVAILABILITY = YES_AGGRESSIVE;
				CLANG_WARN_UNREACHABLE_CODE = YES;
				CLANG_WARN__DUPLICATE_METHOD_MATCH = YES;
				COPY_PHASE_STRIP = NO;
				DEBUG_INFORMATION_FORMAT = "dwarf-with-dsym";
				ENABLE_NS_ASSERTIONS = NO;
				ENABLE_STRICT_OBJC_MSGSEND = YES;
				GCC_C_LANGUAGE_STANDARD = gnu11;
				GCC_NO_COMMON_BLOCKS = YES;
				GCC_WARN_64_TO_32_BIT_CONVERSION = YES;
				GCC_WARN_ABOUT_RETURN_TYPE = YES_ERROR;
				GCC_WARN_UNDECLARED_SELECTOR = YES;
				GCC_WARN_UNINITIALIZED_AUTOS = YES_AGGRESSIVE;
				GCC_WARN_UNUSED_FUNCTION = YES;
				GCC_WARN_UNUSED_VARIABLE = YES;
				IPHONEOS_DEPLOYMENT_TARGET = 15.2;
				MTL_ENABLE_DEBUG_INFO = NO;
				MTL_FAST_MATH = YES;
				SDKROOT = iphoneos;
				SWIFT_COMPILATION_MODE = wholemodule;
				SWIFT_OPTIMIZATION_LEVEL = "-O";
				VALIDATE_PRODUCT = YES;
			};
			name = Release;
		};
		AC3C33B027C5E62D00D6E8B6 /* Debug */ = {
			isa = XCBuildConfiguration;
			buildSettings = {
				ASSETCATALOG_COMPILER_APPICON_NAME = AppIcon;
				ASSETCATALOG_COMPILER_GLOBAL_ACCENT_COLOR_NAME = AccentColor;
				CODE_SIGN_STYLE = Automatic;
				CURRENT_PROJECT_VERSION = 1;
				GENERATE_INFOPLIST_FILE = YES;
				INFOPLIST_FILE = ProtocolAndDelegate/Info.plist;
				INFOPLIST_KEY_UIApplicationSupportsIndirectInputEvents = YES;
				INFOPLIST_KEY_UILaunchStoryboardName = LaunchScreen;
				INFOPLIST_KEY_UIMainStoryboardFile = Main;
				INFOPLIST_KEY_UISupportedInterfaceOrientations_iPad = "UIInterfaceOrientationPortrait UIInterfaceOrientationPortraitUpsideDown UIInterfaceOrientationLandscapeLeft UIInterfaceOrientationLandscapeRight";
				INFOPLIST_KEY_UISupportedInterfaceOrientations_iPhone = "UIInterfaceOrientationPortrait UIInterfaceOrientationLandscapeLeft UIInterfaceOrientationLandscapeRight";
				LD_RUNPATH_SEARCH_PATHS = (
					"$(inherited)",
					"@executable_path/Frameworks",
				);
				MARKETING_VERSION = 1.0;
				PRODUCT_BUNDLE_IDENTIFIER = edu.northeastern.ruilinzhang.ProtocolAndDelegate;
				PRODUCT_NAME = "$(TARGET_NAME)";
				SWIFT_EMIT_LOC_STRINGS = YES;
				SWIFT_VERSION = 5.0;
				TARGETED_DEVICE_FAMILY = "1,2";
			};
			name = Debug;
		};
		AC3C33B127C5E62D00D6E8B6 /* Release */ = {
			isa = XCBuildConfiguration;
			buildSettings = {
				ASSETCATALOG_COMPILER_APPICON_NAME = AppIcon;
				ASSETCATALOG_COMPILER_GLOBAL_ACCENT_COLOR_NAME = AccentColor;
				CODE_SIGN_STYLE = Automatic;
				CURRENT_PROJECT_VERSION = 1;
				GENERATE_INFOPLIST_FILE = YES;
				INFOPLIST_FILE = ProtocolAndDelegate/Info.plist;
				INFOPLIST_KEY_UIApplicationSupportsIndirectInputEvents = YES;
				INFOPLIST_KEY_UILaunchStoryboardName = LaunchScreen;
				INFOPLIST_KEY_UIMainStoryboardFile = Main;
				INFOPLIST_KEY_UISupportedInterfaceOrientations_iPad = "UIInterfaceOrientationPortrait UIInterfaceOrientationPortraitUpsideDown UIInterfaceOrientationLandscapeLeft UIInterfaceOrientationLandscapeRight";
				INFOPLIST_KEY_UISupportedInterfaceOrientations_iPhone = "UIInterfaceOrientationPortrait UIInterfaceOrientationLandscapeLeft UIInterfaceOrientationLandscapeRight";
				LD_RUNPATH_SEARCH_PATHS = (
					"$(inherited)",
					"@executable_path/Frameworks",
				);
				MARKETING_VERSION = 1.0;
				PRODUCT_BUNDLE_IDENTIFIER = edu.northeastern.ruilinzhang.ProtocolAndDelegate;
				PRODUCT_NAME = "$(TARGET_NAME)";
				SWIFT_EMIT_LOC_STRINGS = YES;
				SWIFT_VERSION = 5.0;
				TARGETED_DEVICE_FAMILY = "1,2";
			};
			name = Release;
		};
/* End XCBuildConfiguration section */

/* Begin XCConfigurationList section */
		AC3C339627C5E62900D6E8B6 /* Build configuration list for PBXProject "ProtocolAndDelegate" */ = {
			isa = XCConfigurationList;
			buildConfigurations = (
				AC3C33AD27C5E62D00D6E8B6 /* Debug */,
				AC3C33AE27C5E62D00D6E8B6 /* Release */,
			);
			defaultConfigurationIsVisible = 0;
			defaultConfigurationName = Release;
		};
		AC3C33AF27C5E62D00D6E8B6 /* Build configuration list for PBXNativeTarget "ProtocolAndDelegate" */ = {
			isa = XCConfigurationList;
			buildConfigurations = (
				AC3C33B027C5E62D00D6E8B6 /* Debug */,
				AC3C33B127C5E62D00D6E8B6 /* Release */,
			);
			defaultConfigurationIsVisible = 0;
			defaultConfigurationName = Release;
		};
/* End XCConfigurationList section */
	};
	rootObject = AC3C339327C5E62900D6E8B6 /* Project object */;
}
